{
  "originHash" : "c7dcd62bb2beb0bcc97624e8cfdaf11f3f41c94fbbca97860727f583934963a3",
  "pins" : [
    {
      "identity" : "detaileddescription",
      "kind" : "remoteSourceControl",
      "location" : "https://github.com/Vaida12345/DetailedDescription.git",
      "state" : {
        "revision" : "d4ae923e6cc5dadc7219d54cbf31912889f7bf33",
        "version" : "2.1.1"
      }
    },
    {
      "identity" : "essentials",
      "kind" : "remoteSourceControl",
      "location" : "https://github.com/Vaida12345/Essentials.git",
      "state" : {
        "revision" : "214c8d8dd021fb34fa6c12126e240fdc1557ff93",
        "version" : "1.1.8"
      }
    },
    {
      "identity" : "finderitem",
      "kind" : "remoteSourceControl",
      "location" : "https://github.com/Vaida12345/FinderItem.git",
      "state" : {
        "revision" : "280d40db9891e69714573c7f3a435a4254a9b838",
        "version" : "1.2.5"
      }
    },
    {
      "identity" : "macrocollection",
      "kind" : "remoteSourceControl",
      "location" : "https://github.com/Vaida12345/MacroCollection.git",
      "state" : {
        "revision" : "72315013716a9a60c1b8fccfd192b5c9e8246bd1",
        "version" : "1.0.5"
      }
    },
    {
      "identity" : "macroessentials",
      "kind" : "remoteSourceControl",
      "location" : "https://github.com/Vaida12345/MacroEssentials.git",
      "state" : {
        "revision" : "43dd79407e69c26b0384c7880462b2d74cdb3ac2",
        "version" : "1.0.1"
      }
    },
    {
      "identity" : "pythonkit",
      "kind" : "remoteSourceControl",
      "location" : "https://github.com/pvieito/PythonKit.git",
      "state" : {
        "branch" : "master",
        "revision" : "d030b5193d1e4e770156deb27865773b64c5695f"
      }
    },
    {
      "identity" : "swift-latex",
      "kind" : "remoteSourceControl",
      "location" : "https://github.com/Vaida12345/Swift-LaTeX.git",
      "state" : {
        "branch" : "main",
        "revision" : "7c3442d0439b56fe4d4aded9701e821f404d3773"
      }
    },
    {
      "identity" : "swift-subprocess",
      "kind" : "remoteSourceControl",
      "location" : "https://github.com/swiftlang/swift-subprocess.git",
      "state" : {
        "branch" : "main",
        "revision" : "a040f9bc737341f93cc18303fb00fa39769ab0cb"
      }
    },
    {
      "identity" : "swift-syntax",
      "kind" : "remoteSourceControl",
      "location" : "https://github.com/apple/swift-syntax.git",
      "state" : {
        "revision" : "f99ae8aa18f0cf0d53481901f88a0991dc3bd4a2",
        "version" : "601.0.1"
      }
    },
    {
      "identity" : "swift-system",
      "kind" : "remoteSourceControl",
      "location" : "https://github.com/apple/swift-system",
      "state" : {
        "revision" : "61e4ca4b81b9e09e2ec863b00c340eb13497dac6",
        "version" : "1.5.0"
      }
    }
  ],
  "version" : 3
}
